// !$*UTF8*$!
{
	archiveVersion = 1;
	classes = {
	};
	objectVersion = 55;
	objects = {

/* Begin PBXBuildFile section */
		54C2204C296C32DD0060A353 /* AppDelegate.swift in Sources */ = {isa = PBXBuildFile; fileRef = 54C2204B296C32DD0060A353 /* AppDelegate.swift */; };
		54C2204E296C32DD0060A353 /* SceneDelegate.swift in Sources */ = {isa = PBXBuildFile; fileRef = 54C2204D296C32DD0060A353 /* SceneDelegate.swift */; };
		54C22050296C32DD0060A353 /* ViewController.swift in Sources */ = {isa = PBXBuildFile; fileRef = 54C2204F296C32DD0060A353 /* ViewController.swift */; };
		54C22053296C32DD0060A353 /* Main.storyboard in Resources */ = {isa = PBXBuildFile; fileRef = 54C22051296C32DD0060A353 /* Main.storyboard */; };
		54C22055296C32DF0060A353 /* Assets.xcassets in Resources */ = {isa = PBXBuildFile; fileRef = 54C22054296C32DF0060A353 /* Assets.xcassets */; };
		54C22058296C32DF0060A353 /* LaunchScreen.storyboard in Resources */ = {isa = PBXBuildFile; fileRef = 54C22056296C32DF0060A353 /* LaunchScreen.storyboard */; };
		54C22063296C32DF0060A353 /* TableviewSectionsAndRowsTests.swift in Sources */ = {isa = PBXBuildFile; fileRef = 54C22062296C32DF0060A353 /* TableviewSectionsAndRowsTests.swift */; };
		54C2206D296C32DF0060A353 /* TableviewSectionsAndRowsUITests.swift in Sources */ = {isa = PBXBuildFile; fileRef = 54C2206C296C32DF0060A353 /* TableviewSectionsAndRowsUITests.swift */; };
		54C2206F296C32DF0060A353 /* TableviewSectionsAndRowsUITestsLaunchTests.swift in Sources */ = {isa = PBXBuildFile; fileRef = 54C2206E296C32DF0060A353 /* TableviewSectionsAndRowsUITestsLaunchTests.swift */; };
/* End PBXBuildFile section */

/* Begin PBXContainerItemProxy section */
		54C2205F296C32DF0060A353 /* PBXContainerItemProxy */ = {
			isa = PBXContainerItemProxy;
			containerPortal = 54C22040296C32DD0060A353 /* Project object */;
			proxyType = 1;
			remoteGlobalIDString = 54C22047296C32DD0060A353;
			remoteInfo = TableviewSectionsAndRows;
		};
		54C22069296C32DF0060A353 /* PBXContainerItemProxy */ = {
			isa = PBXContainerItemProxy;
			containerPortal = 54C22040296C32DD0060A353 /* Project object */;
			proxyType = 1;
			remoteGlobalIDString = 54C22047296C32DD0060A353;
			remoteInfo = TableviewSectionsAndRows;
		};
/* End PBXContainerItemProxy section */

/* Begin PBXFileReference section */
		54C22048296C32DD0060A353 /* TableviewSectionsAndRows.app */ = {isa = PBXFileReference; explicitFileType = wrapper.application; includeInIndex = 0; path = TableviewSectionsAndRows.app; sourceTree = BUILT_PRODUCTS_DIR; };
		54C2204B296C32DD0060A353 /* AppDelegate.swift */ = {isa = PBXFileReference; lastKnownFileType = sourcecode.swift; path = AppDelegate.swift; sourceTree = "<group>"; };
		54C2204D296C32DD0060A353 /* SceneDelegate.swift */ = {isa = PBXFileReference; lastKnownFileType = sourcecode.swift; path = SceneDelegate.swift; sourceTree = "<group>"; };
		54C2204F296C32DD0060A353 /* ViewController.swift */ = {isa = PBXFileReference; lastKnownFileType = sourcecode.swift; path = ViewController.swift; sourceTree = "<group>"; };
		54C22052296C32DD0060A353 /* Base */ = {isa = PBXFileReference; lastKnownFileType = file.storyboard; name = Base; path = Base.lproj/Main.storyboard; sourceTree = "<group>"; };
		54C22054296C32DF0060A353 /* Assets.xcassets */ = {isa = PBXFileReference; lastKnownFileType = folder.assetcatalog; path = Assets.xcassets; sourceTree = "<group>"; };
		54C22057296C32DF0060A353 /* Base */ = {isa = PBXFileReference; lastKnownFileType = file.storyboard; name = Base; path = Base.lproj/LaunchScreen.storyboard; sourceTree = "<group>"; };
		54C22059296C32DF0060A353 /* Info.plist */ = {isa = PBXFileReference; lastKnownFileType = text.plist.xml; path = Info.plist; sourceTree = "<group>"; };
		54C2205E296C32DF0060A353 /* TableviewSectionsAndRowsTests.xctest */ = {isa = PBXFileReference; explicitFileType = wrapper.cfbundle; includeInIndex = 0; path = TableviewSectionsAndRowsTests.xctest; sourceTree = BUILT_PRODUCTS_DIR; };
		54C22062296C32DF0060A353 /* TableviewSectionsAndRowsTests.swift */ = {isa = PBXFileReference; lastKnownFileType = sourcecode.swift; path = TableviewSectionsAndRowsTests.swift; sourceTree = "<group>"; };
		54C22068296C32DF0060A353 /* TableviewSectionsAndRowsUITests.xctest */ = {isa = PBXFileReference; explicitFileType = wrapper.cfbundle; includeInIndex = 0; path = TableviewSectionsAndRowsUITests.xctest; sourceTree = BUILT_PRODUCTS_DIR; };
		54C2206C296C32DF0060A353 /* TableviewSectionsAndRowsUITests.swift */ = {isa = PBXFileReference; lastKnownFileType = sourcecode.swift; path = TableviewSectionsAndRowsUITests.swift; sourceTree = "<group>"; };
		54C2206E296C32DF0060A353 /* TableviewSectionsAndRowsUITestsLaunchTests.swift */ = {isa = PBXFileReference; lastKnownFileType = sourcecode.swift; path = TableviewSectionsAndRowsUITestsLaunchTests.swift; sourceTree = "<group>"; };
/* End PBXFileReference section */

/* Begin PBXFrameworksBuildPhase section */
		54C22045296C32DD0060A353 /* Frameworks */ = {
			isa = PBXFrameworksBuildPhase;
			buildActionMask = 2147483647;
			files = (
			);
			runOnlyForDeploymentPostprocessing = 0;
		};
		54C2205B296C32DF0060A353 /* Frameworks */ = {
			isa = PBXFrameworksBuildPhase;
			buildActionMask = 2147483647;
			files = (
			);
			runOnlyForDeploymentPostprocessing = 0;
		};
		54C22065296C32DF0060A353 /* Frameworks */ = {
			isa = PBXFrameworksBuildPhase;
			buildActionMask = 2147483647;
			files = (
			);
			runOnlyForDeploymentPostprocessing = 0;
		};
/* End PBXFrameworksBuildPhase section */

/* Begin PBXGroup section */
		54C2203F296C32DD0060A353 = {
			isa = PBXGroup;
			children = (
				54C2204A296C32DD0060A353 /* TableviewSectionsAndRows */,
				54C22061296C32DF0060A353 /* TableviewSectionsAndRowsTests */,
				54C2206B296C32DF0060A353 /* TableviewSectionsAndRowsUITests */,
				54C22049296C32DD0060A353 /* Products */,
			);
			sourceTree = "<group>";
		};
		54C22049296C32DD0060A353 /* Products */ = {
			isa = PBXGroup;
			children = (
				54C22048296C32DD0060A353 /* TableviewSectionsAndRows.app */,
				54C2205E296C32DF0060A353 /* TableviewSectionsAndRowsTests.xctest */,
				54C22068296C32DF0060A353 /* TableviewSectionsAndRowsUITests.xctest */,
			);
			name = Products;
			sourceTree = "<group>";
		};
		54C2204A296C32DD0060A353 /* TableviewSectionsAndRows */ = {
			isa = PBXGroup;
			children = (
				54C2204B296C32DD0060A353 /* AppDelegate.swift */,
				54C2204D296C32DD0060A353 /* SceneDelegate.swift */,
				54C2204F296C32DD0060A353 /* ViewController.swift */,
				54C22051296C32DD0060A353 /* Main.storyboard */,
				54C22054296C32DF0060A353 /* Assets.xcassets */,
				54C22056296C32DF0060A353 /* LaunchScreen.storyboard */,
				54C22059296C32DF0060A353 /* Info.plist */,
			);
			path = TableviewSectionsAndRows;
			sourceTree = "<group>";
		};
		54C22061296C32DF0060A353 /* TableviewSectionsAndRowsTests */ = {
			isa = PBXGroup;
			children = (
				54C22062296C32DF0060A353 /* TableviewSectionsAndRowsTests.swift */,
			);
			path = TableviewSectionsAndRowsTests;
			sourceTree = "<group>";
		};
		54C2206B296C32DF0060A353 /* TableviewSectionsAndRowsUITests */ = {
			isa = PBXGroup;
			children = (
				54C2206C296C32DF0060A353 /* TableviewSectionsAndRowsUITests.swift */,
				54C2206E296C32DF0060A353 /* TableviewSectionsAndRowsUITestsLaunchTests.swift */,
			);
			path = TableviewSectionsAndRowsUITests;
			sourceTree = "<group>";
		};
/* End PBXGroup section */

/* Begin PBXNativeTarget section */
		54C22047296C32DD0060A353 /* TableviewSectionsAndRows */ = {
			isa = PBXNativeTarget;
			buildConfigurationList = 54C22072296C32DF0060A353 /* Build configuration list for PBXNativeTarget "TableviewSectionsAndRows" */;
			buildPhases = (
				54C22044296C32DD0060A353 /* Sources */,
				54C22045296C32DD0060A353 /* Frameworks */,
				54C22046296C32DD0060A353 /* Resources */,
			);
			buildRules = (
			);
			dependencies = (
			);
			name = TableviewSectionsAndRows;
			productName = TableviewSectionsAndRows;
			productReference = 54C22048296C32DD0060A353 /* TableviewSectionsAndRows.app */;
			productType = "com.apple.product-type.application";
		};
		54C2205D296C32DF0060A353 /* TableviewSectionsAndRowsTests */ = {
			isa = PBXNativeTarget;
			buildConfigurationList = 54C22075296C32DF0060A353 /* Build configuration list for PBXNativeTarget "TableviewSectionsAndRowsTests" */;
			buildPhases = (
				54C2205A296C32DF0060A353 /* Sources */,
				54C2205B296C32DF0060A353 /* Frameworks */,
				54C2205C296C32DF0060A353 /* Resources */,
			);
			buildRules = (
			);
			dependencies = (
				54C22060296C32DF0060A353 /* PBXTargetDependency */,
			);
			name = TableviewSectionsAndRowsTests;
			productName = TableviewSectionsAndRowsTests;
			productReference = 54C2205E296C32DF0060A353 /* TableviewSectionsAndRowsTests.xctest */;
			productType = "com.apple.product-type.bundle.unit-test";
		};
		54C22067296C32DF0060A353 /* TableviewSectionsAndRowsUITests */ = {
			isa = PBXNativeTarget;
			buildConfigurationList = 54C22078296C32DF0060A353 /* Build configuration list for PBXNativeTarget "TableviewSectionsAndRowsUITests" */;
			buildPhases = (
				54C22064296C32DF0060A353 /* Sources */,
				54C22065296C32DF0060A353 /* Frameworks */,
				54C22066296C32DF0060A353 /* Resources */,
			);
			buildRules = (
			);
			dependencies = (
				54C2206A296C32DF0060A353 /* PBXTargetDependency */,
			);
			name = TableviewSectionsAndRowsUITests;
			productName = TableviewSectionsAndRowsUITests;
			productReference = 54C22068296C32DF0060A353 /* TableviewSectionsAndRowsUITests.xctest */;
			productType = "com.apple.product-type.bundle.ui-testing";
		};
/* End PBXNativeTarget section */

/* Begin PBXProject section */
		54C22040296C32DD0060A353 /* Project object */ = {
			isa = PBXProject;
			attributes = {
				BuildIndependentTargetsInParallel = 1;
				LastSwiftUpdateCheck = 1320;
				LastUpgradeCheck = 1320;
				TargetAttributes = {
					54C22047296C32DD0060A353 = {
						CreatedOnToolsVersion = 13.2.1;
					};
					54C2205D296C32DF0060A353 = {
						CreatedOnToolsVersion = 13.2.1;
						TestTargetID = 54C22047296C32DD0060A353;
					};
					54C22067296C32DF0060A353 = {
						CreatedOnToolsVersion = 13.2.1;
						TestTargetID = 54C22047296C32DD0060A353;
					};
				};
			};
			buildConfigurationList = 54C22043296C32DD0060A353 /* Build configuration list for PBXProject "TableviewSectionsAndRows" */;
			compatibilityVersion = "Xcode 13.0";
			developmentRegion = en;
			hasScannedForEncodings = 0;
			knownRegions = (
				en,
				Base,
			);
			mainGroup = 54C2203F296C32DD0060A353;
			productRefGroup = 54C22049296C32DD0060A353 /* Products */;
			projectDirPath = "";
			projectRoot = "";
			targets = (
				54C22047296C32DD0060A353 /* TableviewSectionsAndRows */,
				54C2205D296C32DF0060A353 /* TableviewSectionsAndRowsTests */,
				54C22067296C32DF0060A353 /* TableviewSectionsAndRowsUITests */,
			);
		};
/* End PBXProject section */

/* Begin PBXResourcesBuildPhase section */
		54C22046296C32DD0060A353 /* Resources */ = {
			isa = PBXResourcesBuildPhase;
			buildActionMask = 2147483647;
			files = (
				54C22058296C32DF0060A353 /* LaunchScreen.storyboard in Resources */,
				54C22055296C32DF0060A353 /* Assets.xcassets in Resources */,
				54C22053296C32DD0060A353 /* Main.storyboard in Resources */,
			);
			runOnlyForDeploymentPostprocessing = 0;
		};
		54C2205C296C32DF0060A353 /* Resources */ = {
			isa = PBXResourcesBuildPhase;
			buildActionMask = 2147483647;
			files = (
			);
			runOnlyForDeploymentPostprocessing = 0;
		};
		54C22066296C32DF0060A353 /* Resources */ = {
			isa = PBXResourcesBuildPhase;
			buildActionMask = 2147483647;
			files = (
			);
			runOnlyForDeploymentPostprocessing = 0;
		};
/* End PBXResourcesBuildPhase section */

/* Begin PBXSourcesBuildPhase section */
		54C22044296C32DD0060A353 /* Sources */ = {
			isa = PBXSourcesBuildPhase;
			buildActionMask = 2147483647;
			files = (
				54C22050296C32DD0060A353 /* ViewController.swift in Sources */,
				54C2204C296C32DD0060A353 /* AppDelegate.swift in Sources */,
				54C2204E296C32DD0060A353 /* SceneDelegate.swift in Sources */,
			);
			runOnlyForDeploymentPostprocessing = 0;
		};
		54C2205A296C32DF0060A353 /* Sources */ = {
			isa = PBXSourcesBuildPhase;
			buildActionMask = 2147483647;
			files = (
				54C22063296C32DF0060A353 /* TableviewSectionsAndRowsTests.swift in Sources */,
			);
			runOnlyForDeploymentPostprocessing = 0;
		};
		54C22064296C32DF0060A353 /* Sources */ = {
			isa = PBXSourcesBuildPhase;
			buildActionMask = 2147483647;
			files = (
				54C2206D296C32DF0060A353 /* TableviewSectionsAndRowsUITests.swift in Sources */,
				54C2206F296C32DF0060A353 /* TableviewSectionsAndRowsUITestsLaunchTests.swift in Sources */,
			);
			runOnlyForDeploymentPostprocessing = 0;
		};
/* End PBXSourcesBuildPhase section */

/* Begin PBXTargetDependency section */
		54C22060296C32DF0060A353 /* PBXTargetDependency */ = {
			isa = PBXTargetDependency;
			target = 54C22047296C32DD0060A353 /* TableviewSectionsAndRows */;
			targetProxy = 54C2205F296C32DF0060A353 /* PBXContainerItemProxy */;
		};
		54C2206A296C32DF0060A353 /* PBXTargetDependency */ = {
			isa = PBXTargetDependency;
			target = 54C22047296C32DD0060A353 /* TableviewSectionsAndRows */;
			targetProxy = 54C22069296C32DF0060A353 /* PBXContainerItemProxy */;
		};
/* End PBXTargetDependency section */

/* Begin PBXVariantGroup section */
		54C22051296C32DD0060A353 /* Main.storyboard */ = {
			isa = PBXVariantGroup;
			children = (
				54C22052296C32DD0060A353 /* Base */,
			);
			name = Main.storyboard;
			sourceTree = "<group>";
		};
		54C22056296C32DF0060A353 /* LaunchScreen.storyboard */ = {
			isa = PBXVariantGroup;
			children = (
				54C22057296C32DF0060A353 /* Base */,
			);
			name = LaunchScreen.storyboard;
			sourceTree = "<group>";
		};
/* End PBXVariantGroup section */

/* Begin XCBuildConfiguration section */
		54C22070296C32DF0060A353 /* Debug */ = {
			isa = XCBuildConfiguration;
			buildSettings = {
				ALWAYS_SEARCH_USER_PATHS = NO;
				CLANG_ANALYZER_NONNULL = YES;
				CLANG_ANALYZER_NUMBER_OBJECT_CONVERSION = YES_AGGRESSIVE;
				CLANG_CXX_LANGUAGE_STANDARD = "gnu++17";
				CLANG_CXX_LIBRARY = "libc++";
				CLANG_ENABLE_MODULES = YES;
				CLANG_ENABLE_OBJC_ARC = YES;
				CLANG_ENABLE_OBJC_WEAK = YES;
				CLANG_WARN_BLOCK_CAPTURE_AUTORELEASING = YES;
				CLANG_WARN_BOOL_CONVERSION = YES;
				CLANG_WARN_COMMA = YES;
				CLANG_WARN_CONSTANT_CONVERSION = YES;
				CLANG_WARN_DEPRECATED_OBJC_IMPLEMENTATIONS = YES;
				CLANG_WARN_DIRECT_OBJC_ISA_USAGE = YES_ERROR;
				CLANG_WARN_DOCUMENTATION_COMMENTS = YES;
				CLANG_WARN_EMPTY_BODY = YES;
				CLANG_WARN_ENUM_CONVERSION = YES;
				CLANG_WARN_INFINITE_RECURSION = YES;
				CLANG_WARN_INT_CONVERSION = YES;
				CLANG_WARN_NON_LITERAL_NULL_CONVERSION = YES;
				CLANG_WARN_OBJC_IMPLICIT_RETAIN_SELF = YES;
				CLANG_WARN_OBJC_LITERAL_CONVERSION = YES;
				CLANG_WARN_OBJC_ROOT_CLASS = YES_ERROR;
				CLANG_WARN_QUOTED_INCLUDE_IN_FRAMEWORK_HEADER = YES;
				CLANG_WARN_RANGE_LOOP_ANALYSIS = YES;
				CLANG_WARN_STRICT_PROTOTYPES = YES;
				CLANG_WARN_SUSPICIOUS_MOVE = YES;
				CLANG_WARN_UNGUARDED_AVAILABILITY = YES_AGGRESSIVE;
				CLANG_WARN_UNREACHABLE_CODE = YES;
				CLANG_WARN__DUPLICATE_METHOD_MATCH = YES;
				COPY_PHASE_STRIP = NO;
				DEBUG_INFORMATION_FORMAT = dwarf;
				ENABLE_STRICT_OBJC_MSGSEND = YES;
				ENABLE_TESTABILITY = YES;
				GCC_C_LANGUAGE_STANDARD = gnu11;
				GCC_DYNAMIC_NO_PIC = NO;
				GCC_NO_COMMON_BLOCKS = YES;
				GCC_OPTIMIZATION_LEVEL = 0;
				GCC_PREPROCESSOR_DEFINITIONS = (
					"DEBUG=1",
					"$(inherited)",
				);
				GCC_WARN_64_TO_32_BIT_CONVERSION = YES;
				GCC_WARN_ABOUT_RETURN_TYPE = YES_ERROR;
				GCC_WARN_UNDECLARED_SELECTOR = YES;
				GCC_WARN_UNINITIALIZED_AUTOS = YES_AGGRESSIVE;
				GCC_WARN_UNUSED_FUNCTION = YES;
				GCC_WARN_UNUSED_VARIABLE = YES;
				IPHONEOS_DEPLOYMENT_TARGET = 15.2;
				MTL_ENABLE_DEBUG_INFO = INCLUDE_SOURCE;
				MTL_FAST_MATH = YES;
				ONLY_ACTIVE_ARCH = YES;
				SDKROOT = iphoneos;
				SWIFT_ACTIVE_COMPILATION_CONDITIONS = DEBUG;
				SWIFT_OPTIMIZATION_LEVEL = "-Onone";
			};
			name = Debug;
		};
		54C22071296C32DF0060A353 /* Release */ = {
			isa = XCBuildConfiguration;
			buildSettings = {
				ALWAYS_SEARCH_USER_PATHS = NO;
				CLANG_ANALYZER_NONNULL = YES;
				CLANG_ANALYZER_NUMBER_OBJECT_CONVERSION = YES_AGGRESSIVE;
				CLANG_CXX_LANGUAGE_STANDARD = "gnu++17";
				CLANG_CXX_LIBRARY = "libc++";
				CLANG_ENABLE_MODULES = YES;
				CLANG_ENABLE_OBJC_ARC = YES;
				CLANG_ENABLE_OBJC_WEAK = YES;
				CLANG_WARN_BLOCK_CAPTURE_AUTORELEASING = YES;
				CLANG_WARN_BOOL_CONVERSION = YES;
				CLANG_WARN_COMMA = YES;
				CLANG_WARN_CONSTANT_CONVERSION = YES;
				CLANG_WARN_DEPRECATED_OBJC_IMPLEMENTATIONS = YES;
				CLANG_WARN_DIRECT_OBJC_ISA_USAGE = YES_ERROR;
				CLANG_WARN_DOCUMENTATION_COMMENTS = YES;
				CLANG_WARN_EMPTY_BODY = YES;
				CLANG_WARN_ENUM_CONVERSION = YES;
				CLANG_WARN_INFINITE_RECURSION = YES;
				CLANG_WARN_INT_CONVERSION = YES;
				CLANG_WARN_NON_LITERAL_NULL_CONVERSION = YES;
				CLANG_WARN_OBJC_IMPLICIT_RETAIN_SELF = YES;
				CLANG_WARN_OBJC_LITERAL_CONVERSION = YES;
				CLANG_WARN_OBJC_ROOT_CLASS = YES_ERROR;
				CLANG_WARN_QUOTED_INCLUDE_IN_FRAMEWORK_HEADER = YES;
				CLANG_WARN_RANGE_LOOP_ANALYSIS = YES;
				CLANG_WARN_STRICT_PROTOTYPES = YES;
				CLANG_WARN_SUSPICIOUS_MOVE = YES;
				CLANG_WARN_UNGUARDED_AVAILABILITY = YES_AGGRESSIVE;
				CLANG_WARN_UNREACHABLE_CODE = YES;
				CLANG_WARN__DUPLICATE_METHOD_MATCH = YES;
				COPY_PHASE_STRIP = NO;
				DEBUG_INFORMATION_FORMAT = "dwarf-with-dsym";
				ENABLE_NS_ASSERTIONS = NO;
				ENABLE_STRICT_OBJC_MSGSEND = YES;
				GCC_C_LANGUAGE_STANDARD = gnu11;
				GCC_NO_COMMON_BLOCKS = YES;
				GCC_WARN_64_TO_32_BIT_CONVERSION = YES;
				GCC_WARN_ABOUT_RETURN_TYPE = YES_ERROR;
				GCC_WARN_UNDECLARED_SELECTOR = YES;
				GCC_WARN_UNINITIALIZED_AUTOS = YES_AGGRESSIVE;
				GCC_WARN_UNUSED_FUNCTION = YES;
				GCC_WARN_UNUSED_VARIABLE = YES;
				IPHONEOS_DEPLOYMENT_TARGET = 15.2;
				MTL_ENABLE_DEBUG_INFO = NO;
				MTL_FAST_MATH = YES;
				SDKROOT = iphoneos;
				SWIFT_COMPILATION_MODE = wholemodule;
				SWIFT_OPTIMIZATION_LEVEL = "-O";
				VALIDATE_PRODUCT = YES;
			};
			name = Release;
		};
		54C22073296C32DF0060A353 /* Debug */ = {
			isa = XCBuildConfiguration;
			buildSettings = {
				ASSETCATALOG_COMPILER_APPICON_NAME = AppIcon;
				ASSETCATALOG_COMPILER_GLOBAL_ACCENT_COLOR_NAME = AccentColor;
				CODE_SIGN_STYLE = Automatic;
				CURRENT_PROJECT_VERSION = 1;
				GENERATE_INFOPLIST_FILE = YES;
				INFOPLIST_FILE = TableviewSectionsAndRows/Info.plist;
				INFOPLIST_KEY_UIApplicationSupportsIndirectInputEvents = YES;
				INFOPLIST_KEY_UILaunchStoryboardName = LaunchScreen;
				INFOPLIST_KEY_UIMainStoryboardFile = Main;
				INFOPLIST_KEY_UISupportedInterfaceOrientations_iPad = "UIInterfaceOrientationPortrait UIInterfaceOrientationPortraitUpsideDown UIInterfaceOrientationLandscapeLeft UIInterfaceOrientationLandscapeRight";
				INFOPLIST_KEY_UISupportedInterfaceOrientations_iPhone = "UIInterfaceOrientationPortrait UIInterfaceOrientationLandscapeLeft UIInterfaceOrientationLandscapeRight";
				LD_RUNPATH_SEARCH_PATHS = (
					"$(inherited)",
					"@executable_path/Frameworks",
				);
				MARKETING_VERSION = 1.0;
				PRODUCT_BUNDLE_IDENTIFIER = com.simbesi.TableviewSectionsAndRows;
				PRODUCT_NAME = "$(TARGET_NAME)";
				SWIFT_EMIT_LOC_STRINGS = YES;
				SWIFT_VERSION = 5.0;
				TARGETED_DEVICE_FAMILY = "1,2";
			};
			name = Debug;
		};
		54C22074296C32DF0060A353 /* Release */ = {
			isa = XCBuildConfiguration;
			buildSettings = {
				ASSETCATALOG_COMPILER_APPICON_NAME = AppIcon;
				ASSETCATALOG_COMPILER_GLOBAL_ACCENT_COLOR_NAME = AccentColor;
				CODE_SIGN_STYLE = Automatic;
				CURRENT_PROJECT_VERSION = 1;
				GENERATE_INFOPLIST_FILE = YES;
				INFOPLIST_FILE = TableviewSectionsAndRows/Info.plist;
				INFOPLIST_KEY_UIApplicationSupportsIndirectInputEvents = YES;
				INFOPLIST_KEY_UILaunchStoryboardName = LaunchScreen;
				INFOPLIST_KEY_UIMainStoryboardFile = Main;
				INFOPLIST_KEY_UISupportedInterfaceOrientations_iPad = "UIInterfaceOrientationPortrait UIInterfaceOrientationPortraitUpsideDown UIInterfaceOrientationLandscapeLeft UIInterfaceOrientationLandscapeRight";
				INFOPLIST_KEY_UISupportedInterfaceOrientations_iPhone = "UIInterfaceOrientationPortrait UIInterfaceOrientationLandscapeLeft UIInterfaceOrientationLandscapeRight";
				LD_RUNPATH_SEARCH_PATHS = (
					"$(inherited)",
					"@executable_path/Frameworks",
				);
				MARKETING_VERSION = 1.0;
				PRODUCT_BUNDLE_IDENTIFIER = com.simbesi.TableviewSectionsAndRows;
				PRODUCT_NAME = "$(TARGET_NAME)";
				SWIFT_EMIT_LOC_STRINGS = YES;
				SWIFT_VERSION = 5.0;
				TARGETED_DEVICE_FAMILY = "1,2";
			};
			name = Release;
		};
		54C22076296C32DF0060A353 /* Debug */ = {
			isa = XCBuildConfiguration;
			buildSettings = {
				ALWAYS_EMBED_SWIFT_STANDARD_LIBRARIES = YES;
				BUNDLE_LOADER = "$(TEST_HOST)";
				CODE_SIGN_STYLE = Automatic;
				CURRENT_PROJECT_VERSION = 1;
				GENERATE_INFOPLIST_FILE = YES;
				IPHONEOS_DEPLOYMENT_TARGET = 15.2;
				MARKETING_VERSION = 1.0;
				PRODUCT_BUNDLE_IDENTIFIER = com.simbesi.TableviewSectionsAndRowsTests;
				PRODUCT_NAME = "$(TARGET_NAME)";
				SWIFT_EMIT_LOC_STRINGS = NO;
				SWIFT_VERSION = 5.0;
				TARGETED_DEVICE_FAMILY = "1,2";
				TEST_HOST = "$(BUILT_PRODUCTS_DIR)/TableviewSectionsAndRows.app/TableviewSectionsAndRows";
			};
			name = Debug;
		};
		54C22077296C32DF0060A353 /* Release */ = {
			isa = XCBuildConfiguration;
			buildSettings = {
				ALWAYS_EMBED_SWIFT_STANDARD_LIBRARIES = YES;
				BUNDLE_LOADER = "$(TEST_HOST)";
				CODE_SIGN_STYLE = Automatic;
				CURRENT_PROJECT_VERSION = 1;
				GENERATE_INFOPLIST_FILE = YES;
				IPHONEOS_DEPLOYMENT_TARGET = 15.2;
				MARKETING_VERSION = 1.0;
				PRODUCT_BUNDLE_IDENTIFIER = com.simbesi.TableviewSectionsAndRowsTests;
				PRODUCT_NAME = "$(TARGET_NAME)";
				SWIFT_EMIT_LOC_STRINGS = NO;
				SWIFT_VERSION = 5.0;
				TARGETED_DEVICE_FAMILY = "1,2";
				TEST_HOST = "$(BUILT_PRODUCTS_DIR)/TableviewSectionsAndRows.app/TableviewSectionsAndRows";
			};
			name = Release;
		};
		54C22079296C32DF0060A353 /* Debug */ = {
			isa = XCBuildConfiguration;
			buildSettings = {
				ALWAYS_EMBED_SWIFT_STANDARD_LIBRARIES = YES;
				CODE_SIGN_STYLE = Automatic;
				CURRENT_PROJECT_VERSION = 1;
				GENERATE_INFOPLIST_FILE = YES;
				MARKETING_VERSION = 1.0;
				PRODUCT_BUNDLE_IDENTIFIER = com.simbesi.TableviewSectionsAndRowsUITests;
				PRODUCT_NAME = "$(TARGET_NAME)";
				SWIFT_EMIT_LOC_STRINGS = NO;
				SWIFT_VERSION = 5.0;
				TARGETED_DEVICE_FAMILY = "1,2";
				TEST_TARGET_NAME = TableviewSectionsAndRows;
			};
			name = Debug;
		};
		54C2207A296C32DF0060A353 /* Release */ = {
			isa = XCBuildConfiguration;
			buildSettings = {
				ALWAYS_EMBED_SWIFT_STANDARD_LIBRARIES = YES;
				CODE_SIGN_STYLE = Automatic;
				CURRENT_PROJECT_VERSION = 1;
				GENERATE_INFOPLIST_FILE = YES;
				MARKETING_VERSION = 1.0;
				PRODUCT_BUNDLE_IDENTIFIER = com.simbesi.TableviewSectionsAndRowsUITests;
				PRODUCT_NAME = "$(TARGET_NAME)";
				SWIFT_EMIT_LOC_STRINGS = NO;
				SWIFT_VERSION = 5.0;
				TARGETED_DEVICE_FAMILY = "1,2";
				TEST_TARGET_NAME = TableviewSectionsAndRows;
			};
			name = Release;
		};
/* End XCBuildConfiguration section */

/* Begin XCConfigurationList section */
		54C22043296C32DD0060A353 /* Build configuration list for PBXProject "TableviewSectionsAndRows" */ = {
			isa = XCConfigurationList;
			buildConfigurations = (
				54C22070296C32DF0060A353 /* Debug */,
				54C22071296C32DF0060A353 /* Release */,
			);
			defaultConfigurationIsVisible = 0;
			defaultConfigurationName = Release;
		};
		54C22072296C32DF0060A353 /* Build configuration list for PBXNativeTarget "TableviewSectionsAndRows" */ = {
			isa = XCConfigurationList;
			buildConfigurations = (
				54C22073296C32DF0060A353 /* Debug */,
				54C22074296C32DF0060A353 /* Release */,
			);
			defaultConfigurationIsVisible = 0;
			defaultConfigurationName = Release;
		};
		54C22075296C32DF0060A353 /* Build configuration list for PBXNativeTarget "TableviewSectionsAndRowsTests" */ = {
			isa = XCConfigurationList;
			buildConfigurations = (
				54C22076296C32DF0060A353 /* Debug */,
				54C22077296C32DF0060A353 /* Release */,
			);
			defaultConfigurationIsVisible = 0;
			defaultConfigurationName = Release;
		};
		54C22078296C32DF0060A353 /* Build configuration list for PBXNativeTarget "TableviewSectionsAndRowsUITests" */ = {
			isa = XCConfigurationList;
			buildConfigurations = (
				54C22079296C32DF0060A353 /* Debug */,
				54C2207A296C32DF0060A353 /* Release */,
			);
			defaultConfigurationIsVisible = 0;
			defaultConfigurationName = Release;
		};
/* End XCConfigurationList section */
	};
	rootObject = 54C22040296C32DD0060A353 /* Project object */;
}
